
Microsoft Visual Studio Solution File, Format Version 12.00
# Visual Studio Version 17
VisualStudioVersion = 17.10.35201.131
MinimumVisualStudioVersion = 10.0.40219.1
Project("{FAE04EC0-301F-11D3-BF4B-00C04F79EFBC}") = "BookMicroserviceWebAPI", "BookMicroserviceWebAPI.csproj", "{FB1744E2-0C5B-436C-ADB3-A0F879EA4663}"
EndProject
Global
	GlobalSection(SolutionConfigurationPlatforms) = preSolution
		Debug|Any CPU = Debug|Any CPU
		Release|Any CPU = Release|Any CPU
	EndGlobalSection
	GlobalSection(ProjectConfigurationPlatforms) = postSolution
		{FB1744E2-0C5B-436C-ADB3-A0F879EA4663}.Debug|Any CPU.ActiveCfg = Debug|Any CPU
		{FB1744E2-0C5B-436C-ADB3-A0F879EA4663}.Debug|Any CPU.Build.0 = Debug|Any CPU
		{FB1744E2-0C5B-436C-ADB3-A0F879EA4663}.Release|Any CPU.ActiveCfg = Release|Any CPU
		{FB1744E2-0C5B-436C-ADB3-A0F879EA4663}.Release|Any CPU.Build.0 = Release|Any CPU
	EndGlobalSection
	GlobalSection(SolutionProperties) = preSolution
		HideSolutionNode = FALSE
	EndGlobalSection
	GlobalSection(ExtensibilityGlobals) = postSolution
		SolutionGuid = {4832DDCD-E259-45E4-A082-5CAFA3B44157}
	EndGlobalSection
EndGlobal
